
Microsoft Visual Studio Solution File, Format Version 12.00
# Visual Studio Version 17
VisualStudioVersion = 17.3.32825.248
MinimumVisualStudioVersion = 10.0.40219.1
Project("{FAE04EC0-301F-11D3-BF4B-00C04F79EFBC}") = "Dictionary", "Dictionary.csproj", "{0058F8F3-1439-4668-BB80-6631330773F7}"
EndProject
Global
	GlobalSection(SolutionConfigurationPlatforms) = preSolution
		Debug|Any CPU = Debug|Any CPU
		Release|Any CPU = Release|Any CPU
	EndGlobalSection
	GlobalSection(ProjectConfigurationPlatforms) = postSolution
		{0058F8F3-1439-4668-BB80-6631330773F7}.Debug|Any CPU.ActiveCfg = Debug|Any CPU
		{0058F8F3-1439-4668-BB80-6631330773F7}.Debug|Any CPU.Build.0 = Debug|Any CPU
		{0058F8F3-1439-4668-BB80-6631330773F7}.Release|Any CPU.ActiveCfg = Release|Any CPU
		{0058F8F3-1439-4668-BB80-6631330773F7}.Release|Any CPU.Build.0 = Release|Any CPU
	EndGlobalSection
	GlobalSection(SolutionProperties) = preSolution
		HideSolutionNode = FALSE
	EndGlobalSection
	GlobalSection(ExtensibilityGlobals) = postSolution
		SolutionGuid = {19843578-C352-4725-86D5-9D9221C3CBC3}
	EndGlobalSection
EndGlobal
